
Microsoft Visual Studio Solution File, Format Version 12.00
# Visual Studio Version 16
VisualStudioVersion = 16.0.30011.22
MinimumVisualStudioVersion = 10.0.40219.1
Project("{9A19103F-16F7-4668-BE54-9A1E7A4F7556}") = "SeleniumTasks", "SeleniumTasks\SeleniumTasks.csproj", "{D35D8936-C5C2-451A-B036-C0115D869442}"
EndProject
Project("{9A19103F-16F7-4668-BE54-9A1E7A4F7556}") = "InterationTests", "IntegrationTests\InterationTests.csproj", "{F75A8271-D06A-493E-9CD9-95ED95AA4A41}"
EndProject
Global
	GlobalSection(SolutionConfigurationPlatforms) = preSolution
		Debug|Any CPU = Debug|Any CPU
		Release|Any CPU = Release|Any CPU
	EndGlobalSection
	GlobalSection(ProjectConfigurationPlatforms) = postSolution
		{D35D8936-C5C2-451A-B036-C0115D869442}.Debug|Any CPU.ActiveCfg = Debug|Any CPU
		{D35D8936-C5C2-451A-B036-C0115D869442}.Debug|Any CPU.Build.0 = Debug|Any CPU
		{D35D8936-C5C2-451A-B036-C0115D869442}.Release|Any CPU.ActiveCfg = Release|Any CPU
		{D35D8936-C5C2-451A-B036-C0115D869442}.Release|Any CPU.Build.0 = Release|Any CPU
		{F75A8271-D06A-493E-9CD9-95ED95AA4A41}.Debug|Any CPU.ActiveCfg = Debug|Any CPU
		{F75A8271-D06A-493E-9CD9-95ED95AA4A41}.Debug|Any CPU.Build.0 = Debug|Any CPU
		{F75A8271-D06A-493E-9CD9-95ED95AA4A41}.Release|Any CPU.ActiveCfg = Release|Any CPU
		{F75A8271-D06A-493E-9CD9-95ED95AA4A41}.Release|Any CPU.Build.0 = Release|Any CPU
	EndGlobalSection
	GlobalSection(SolutionProperties) = preSolution
		HideSolutionNode = FALSE
	EndGlobalSection
	GlobalSection(ExtensibilityGlobals) = postSolution
		SolutionGuid = {F82BBC36-5F3E-45D7-B227-3823C01A5BF6}
	EndGlobalSection
EndGlobal
